// !$*UTF8*$!
{
	archiveVersion = 1;
	classes = {
	};
	objectVersion = 56;
	objects = {

/* Begin PBXBuildFile section */
		330B76052BF34447006CBFC1 /* CDEmployeeExtension.swift in Sources */ = {isa = PBXBuildFile; fileRef = 330B76042BF34447006CBFC1 /* CDEmployeeExtension.swift */; };
		330B76072BF34466006CBFC1 /* CDPassportExtension.swift in Sources */ = {isa = PBXBuildFile; fileRef = 330B76062BF34466006CBFC1 /* CDPassportExtension.swift */; };
		330B76092BF34AE6006CBFC1 /* PassportManager.swift in Sources */ = {isa = PBXBuildFile; fileRef = 330B76082BF34AE6006CBFC1 /* PassportManager.swift */; };
		330B760B2BF352AD006CBFC1 /* PassportViewController.swift in Sources */ = {isa = PBXBuildFile; fileRef = 330B760A2BF352AD006CBFC1 /* PassportViewController.swift */; };
		330B760E2BF352C4006CBFC1 /* PassportTableViewCell.swift in Sources */ = {isa = PBXBuildFile; fileRef = 330B760C2BF352C4006CBFC1 /* PassportTableViewCell.swift */; };
		330B760F2BF352C4006CBFC1 /* PassportTableViewCell.xib in Resources */ = {isa = PBXBuildFile; fileRef = 330B760D2BF352C4006CBFC1 /* PassportTableViewCell.xib */; };
		33A0568B2BF21E690054FDB1 /* AppDelegate.swift in Sources */ = {isa = PBXBuildFile; fileRef = 33A0568A2BF21E690054FDB1 /* AppDelegate.swift */; };
		33A0568D2BF21E690054FDB1 /* SceneDelegate.swift in Sources */ = {isa = PBXBuildFile; fileRef = 33A0568C2BF21E690054FDB1 /* SceneDelegate.swift */; };
		33A0568F2BF21E690054FDB1 /* ViewController.swift in Sources */ = {isa = PBXBuildFile; fileRef = 33A0568E2BF21E690054FDB1 /* ViewController.swift */; };
		33A056922BF21E690054FDB1 /* Main.storyboard in Resources */ = {isa = PBXBuildFile; fileRef = 33A056902BF21E690054FDB1 /* Main.storyboard */; };
		33A056952BF21E690054FDB1 /* CoreDataLearning.xcdatamodeld in Sources */ = {isa = PBXBuildFile; fileRef = 33A056932BF21E690054FDB1 /* CoreDataLearning.xcdatamodeld */; };
		33A056972BF21E6A0054FDB1 /* Assets.xcassets in Resources */ = {isa = PBXBuildFile; fileRef = 33A056962BF21E6A0054FDB1 /* Assets.xcassets */; };
		33A0569A2BF21E6A0054FDB1 /* LaunchScreen.storyboard in Resources */ = {isa = PBXBuildFile; fileRef = 33A056982BF21E6A0054FDB1 /* LaunchScreen.storyboard */; };
		33A056A62BF2228F0054FDB1 /* CDEmployee+CoreDataClass.swift in Sources */ = {isa = PBXBuildFile; fileRef = 33A056A42BF2228F0054FDB1 /* CDEmployee+CoreDataClass.swift */; };
		33A056A72BF2228F0054FDB1 /* CDEmployee+CoreDataProperties.swift in Sources */ = {isa = PBXBuildFile; fileRef = 33A056A52BF2228F0054FDB1 /* CDEmployee+CoreDataProperties.swift */; };
		33A056A92BF222BA0054FDB1 /* PersistentStorage.swift in Sources */ = {isa = PBXBuildFile; fileRef = 33A056A82BF222BA0054FDB1 /* PersistentStorage.swift */; };
		33A056AC2BF223670054FDB1 /* EmployeeDataRepository.swift in Sources */ = {isa = PBXBuildFile; fileRef = 33A056AB2BF223670054FDB1 /* EmployeeDataRepository.swift */; };
		33A056AF2BF223A70054FDB1 /* Employee.swift in Sources */ = {isa = PBXBuildFile; fileRef = 33A056AE2BF223A70054FDB1 /* Employee.swift */; };
		33A056B22BF228570054FDB1 /* EmployeeManager.swift in Sources */ = {isa = PBXBuildFile; fileRef = 33A056B12BF228570054FDB1 /* EmployeeManager.swift */; };
		33A056B42BF22B290054FDB1 /* AddEditViewController.swift in Sources */ = {isa = PBXBuildFile; fileRef = 33A056B32BF22B290054FDB1 /* AddEditViewController.swift */; };
		33A056B92BF22C5E0054FDB1 /* EmployeeTableViewCell.swift in Sources */ = {isa = PBXBuildFile; fileRef = 33A056B72BF22C5E0054FDB1 /* EmployeeTableViewCell.swift */; };
		33A056BA2BF22C5E0054FDB1 /* EmployeeTableViewCell.xib in Resources */ = {isa = PBXBuildFile; fileRef = 33A056B82BF22C5E0054FDB1 /* EmployeeTableViewCell.xib */; };
		33A056BD2BF243AB0054FDB1 /* CDPassport+CoreDataClass.swift in Sources */ = {isa = PBXBuildFile; fileRef = 33A056BB2BF243AB0054FDB1 /* CDPassport+CoreDataClass.swift */; };
		33A056BE2BF243AB0054FDB1 /* CDPassport+CoreDataProperties.swift in Sources */ = {isa = PBXBuildFile; fileRef = 33A056BC2BF243AB0054FDB1 /* CDPassport+CoreDataProperties.swift */; };
		33A056C02BF244550054FDB1 /* Passport.swift in Sources */ = {isa = PBXBuildFile; fileRef = 33A056BF2BF244550054FDB1 /* Passport.swift */; };
		33A056C22BF245400054FDB1 /* PassportDataRepository.swift in Sources */ = {isa = PBXBuildFile; fileRef = 33A056C12BF245400054FDB1 /* PassportDataRepository.swift */; };
		33A056C42BF32B670054FDB1 /* BaseRepository.swift in Sources */ = {isa = PBXBuildFile; fileRef = 33A056C32BF32B670054FDB1 /* BaseRepository.swift */; };
/* End PBXBuildFile section */

/* Begin PBXFileReference section */
		330B76042BF34447006CBFC1 /* CDEmployeeExtension.swift */ = {isa = PBXFileReference; lastKnownFileType = sourcecode.swift; path = CDEmployeeExtension.swift; sourceTree = "<group>"; };
		330B76062BF34466006CBFC1 /* CDPassportExtension.swift */ = {isa = PBXFileReference; lastKnownFileType = sourcecode.swift; path = CDPassportExtension.swift; sourceTree = "<group>"; };
		330B76082BF34AE6006CBFC1 /* PassportManager.swift */ = {isa = PBXFileReference; lastKnownFileType = sourcecode.swift; path = PassportManager.swift; sourceTree = "<group>"; };
		330B760A2BF352AD006CBFC1 /* PassportViewController.swift */ = {isa = PBXFileReference; lastKnownFileType = sourcecode.swift; path = PassportViewController.swift; sourceTree = "<group>"; };
		330B760C2BF352C4006CBFC1 /* PassportTableViewCell.swift */ = {isa = PBXFileReference; lastKnownFileType = sourcecode.swift; path = PassportTableViewCell.swift; sourceTree = "<group>"; };
		330B760D2BF352C4006CBFC1 /* PassportTableViewCell.xib */ = {isa = PBXFileReference; lastKnownFileType = file.xib; path = PassportTableViewCell.xib; sourceTree = "<group>"; };
		33A056872BF21E690054FDB1 /* CoreDataLearning.app */ = {isa = PBXFileReference; explicitFileType = wrapper.application; includeInIndex = 0; path = CoreDataLearning.app; sourceTree = BUILT_PRODUCTS_DIR; };
		33A0568A2BF21E690054FDB1 /* AppDelegate.swift */ = {isa = PBXFileReference; lastKnownFileType = sourcecode.swift; path = AppDelegate.swift; sourceTree = "<group>"; };
		33A0568C2BF21E690054FDB1 /* SceneDelegate.swift */ = {isa = PBXFileReference; lastKnownFileType = sourcecode.swift; path = SceneDelegate.swift; sourceTree = "<group>"; };
		33A0568E2BF21E690054FDB1 /* ViewController.swift */ = {isa = PBXFileReference; lastKnownFileType = sourcecode.swift; path = ViewController.swift; sourceTree = "<group>"; };
		33A056912BF21E690054FDB1 /* Base */ = {isa = PBXFileReference; lastKnownFileType = file.storyboard; name = Base; path = Base.lproj/Main.storyboard; sourceTree = "<group>"; };
		33A056942BF21E690054FDB1 /* CoreDataLearning.xcdatamodel */ = {isa = PBXFileReference; lastKnownFileType = wrapper.xcdatamodel; path = CoreDataLearning.xcdatamodel; sourceTree = "<group>"; };
		33A056962BF21E6A0054FDB1 /* Assets.xcassets */ = {isa = PBXFileReference; lastKnownFileType = folder.assetcatalog; path = Assets.xcassets; sourceTree = "<group>"; };
		33A056992BF21E6A0054FDB1 /* Base */ = {isa = PBXFileReference; lastKnownFileType = file.storyboard; name = Base; path = Base.lproj/LaunchScreen.storyboard; sourceTree = "<group>"; };
		33A0569B2BF21E6A0054FDB1 /* Info.plist */ = {isa = PBXFileReference; lastKnownFileType = text.plist.xml; path = Info.plist; sourceTree = "<group>"; };
		33A056A42BF2228F0054FDB1 /* CDEmployee+CoreDataClass.swift */ = {isa = PBXFileReference; lastKnownFileType = sourcecode.swift; path = "CDEmployee+CoreDataClass.swift"; sourceTree = SOURCE_ROOT; };
		33A056A52BF2228F0054FDB1 /* CDEmployee+CoreDataProperties.swift */ = {isa = PBXFileReference; lastKnownFileType = sourcecode.swift; path = "CDEmployee+CoreDataProperties.swift"; sourceTree = SOURCE_ROOT; };
		33A056A82BF222BA0054FDB1 /* PersistentStorage.swift */ = {isa = PBXFileReference; lastKnownFileType = sourcecode.swift; path = PersistentStorage.swift; sourceTree = "<group>"; };
		33A056AB2BF223670054FDB1 /* EmployeeDataRepository.swift */ = {isa = PBXFileReference; lastKnownFileType = sourcecode.swift; path = EmployeeDataRepository.swift; sourceTree = "<group>"; };
		33A056AE2BF223A70054FDB1 /* Employee.swift */ = {isa = PBXFileReference; lastKnownFileType = sourcecode.swift; path = Employee.swift; sourceTree = "<group>"; };
		33A056B12BF228570054FDB1 /* EmployeeManager.swift */ = {isa = PBXFileReference; lastKnownFileType = sourcecode.swift; path = EmployeeManager.swift; sourceTree = "<group>"; };
		33A056B32BF22B290054FDB1 /* AddEditViewController.swift */ = {isa = PBXFileReference; lastKnownFileType = sourcecode.swift; path = AddEditViewController.swift; sourceTree = "<group>"; };
		33A056B72BF22C5E0054FDB1 /* EmployeeTableViewCell.swift */ = {isa = PBXFileReference; lastKnownFileType = sourcecode.swift; path = EmployeeTableViewCell.swift; sourceTree = "<group>"; };
		33A056B82BF22C5E0054FDB1 /* EmployeeTableViewCell.xib */ = {isa = PBXFileReference; lastKnownFileType = file.xib; path = EmployeeTableViewCell.xib; sourceTree = "<group>"; };
		33A056BB2BF243AB0054FDB1 /* CDPassport+CoreDataClass.swift */ = {isa = PBXFileReference; lastKnownFileType = sourcecode.swift; path = "CDPassport+CoreDataClass.swift"; sourceTree = SOURCE_ROOT; };
		33A056BC2BF243AB0054FDB1 /* CDPassport+CoreDataProperties.swift */ = {isa = PBXFileReference; lastKnownFileType = sourcecode.swift; path = "CDPassport+CoreDataProperties.swift"; sourceTree = SOURCE_ROOT; };
		33A056BF2BF244550054FDB1 /* Passport.swift */ = {isa = PBXFileReference; lastKnownFileType = sourcecode.swift; path = Passport.swift; sourceTree = "<group>"; };
		33A056C12BF245400054FDB1 /* PassportDataRepository.swift */ = {isa = PBXFileReference; lastKnownFileType = sourcecode.swift; path = PassportDataRepository.swift; sourceTree = "<group>"; };
		33A056C32BF32B670054FDB1 /* BaseRepository.swift */ = {isa = PBXFileReference; lastKnownFileType = sourcecode.swift; path = BaseRepository.swift; sourceTree = "<group>"; };
/* End PBXFileReference section */

/* Begin PBXFrameworksBuildPhase section */
		33A056842BF21E690054FDB1 /* Frameworks */ = {
			isa = PBXFrameworksBuildPhase;
			buildActionMask = 2147483647;
			files = (
			);
			runOnlyForDeploymentPostprocessing = 0;
		};
/* End PBXFrameworksBuildPhase section */

/* Begin PBXGroup section */
		330B76032BF34427006CBFC1 /* Extensions */ = {
			isa = PBXGroup;
			children = (
				330B76042BF34447006CBFC1 /* CDEmployeeExtension.swift */,
				330B76062BF34466006CBFC1 /* CDPassportExtension.swift */,
			);
			path = Extensions;
			sourceTree = "<group>";
		};
		33A0567E2BF21E690054FDB1 = {
			isa = PBXGroup;
			children = (
				33A056892BF21E690054FDB1 /* CoreDataLearning */,
				33A056882BF21E690054FDB1 /* Products */,
			);
			sourceTree = "<group>";
		};
		33A056882BF21E690054FDB1 /* Products */ = {
			isa = PBXGroup;
			children = (
				33A056872BF21E690054FDB1 /* CoreDataLearning.app */,
			);
			name = Products;
			sourceTree = "<group>";
		};
		33A056892BF21E690054FDB1 /* CoreDataLearning */ = {
			isa = PBXGroup;
			children = (
				33A056B02BF228400054FDB1 /* Managers */,
				33A056AD2BF223960054FDB1 /* Models */,
				33A056AA2BF2235D0054FDB1 /* Repository */,
				33A056A32BF222780054FDB1 /* CoreDataSupportFiles */,
				33A056B52BF22C260054FDB1 /* Nibs */,
				33A056A12BF220CD0054FDB1 /* Controllers */,
				33A056A22BF220D80054FDB1 /* Storyboards */,
				33A0568A2BF21E690054FDB1 /* AppDelegate.swift */,
				33A0568C2BF21E690054FDB1 /* SceneDelegate.swift */,
				33A056962BF21E6A0054FDB1 /* Assets.xcassets */,
				33A0569B2BF21E6A0054FDB1 /* Info.plist */,
				33A056932BF21E690054FDB1 /* CoreDataLearning.xcdatamodeld */,
			);
			path = CoreDataLearning;
			sourceTree = "<group>";
		};
		33A056A12BF220CD0054FDB1 /* Controllers */ = {
			isa = PBXGroup;
			children = (
				33A0568E2BF21E690054FDB1 /* ViewController.swift */,
				33A056B32BF22B290054FDB1 /* AddEditViewController.swift */,
				330B760A2BF352AD006CBFC1 /* PassportViewController.swift */,
			);
			path = Controllers;
			sourceTree = "<group>";
		};
		33A056A22BF220D80054FDB1 /* Storyboards */ = {
			isa = PBXGroup;
			children = (
				33A056982BF21E6A0054FDB1 /* LaunchScreen.storyboard */,
				33A056902BF21E690054FDB1 /* Main.storyboard */,
			);
			path = Storyboards;
			sourceTree = "<group>";
		};
		33A056A32BF222780054FDB1 /* CoreDataSupportFiles */ = {
			isa = PBXGroup;
			children = (
				330B76032BF34427006CBFC1 /* Extensions */,
				33A056BB2BF243AB0054FDB1 /* CDPassport+CoreDataClass.swift */,
				33A056BC2BF243AB0054FDB1 /* CDPassport+CoreDataProperties.swift */,
				33A056A42BF2228F0054FDB1 /* CDEmployee+CoreDataClass.swift */,
				33A056A52BF2228F0054FDB1 /* CDEmployee+CoreDataProperties.swift */,
				33A056A82BF222BA0054FDB1 /* PersistentStorage.swift */,
			);
			path = CoreDataSupportFiles;
			sourceTree = "<group>";
		};
		33A056AA2BF2235D0054FDB1 /* Repository */ = {
			isa = PBXGroup;
			children = (
				33A056AB2BF223670054FDB1 /* EmployeeDataRepository.swift */,
				33A056C12BF245400054FDB1 /* PassportDataRepository.swift */,
				33A056C32BF32B670054FDB1 /* BaseRepository.swift */,
			);
			path = Repository;
			sourceTree = "<group>";
		};
		33A056AD2BF223960054FDB1 /* Models */ = {
			isa = PBXGroup;
			children = (
				33A056AE2BF223A70054FDB1 /* Employee.swift */,
				33A056BF2BF244550054FDB1 /* Passport.swift */,
			);
			path = Models;
			sourceTree = "<group>";
		};
		33A056B02BF228400054FDB1 /* Managers */ = {
			isa = PBXGroup;
			children = (
				33A056B12BF228570054FDB1 /* EmployeeManager.swift */,
				330B76082BF34AE6006CBFC1 /* PassportManager.swift */,
			);
			path = Managers;
			sourceTree = "<group>";
		};
		33A056B52BF22C260054FDB1 /* Nibs */ = {
			isa = PBXGroup;
			children = (
				33A056B62BF22C360054FDB1 /* TableView */,
			);
			path = Nibs;
			sourceTree = "<group>";
		};
		33A056B62BF22C360054FDB1 /* TableView */ = {
			isa = PBXGroup;
			children = (
				33A056B72BF22C5E0054FDB1 /* EmployeeTableViewCell.swift */,
				33A056B82BF22C5E0054FDB1 /* EmployeeTableViewCell.xib */,
				330B760C2BF352C4006CBFC1 /* PassportTableViewCell.swift */,
				330B760D2BF352C4006CBFC1 /* PassportTableViewCell.xib */,
			);
			path = TableView;
			sourceTree = "<group>";
		};
/* End PBXGroup section */

/* Begin PBXNativeTarget section */
		33A056862BF21E690054FDB1 /* CoreDataLearning */ = {
			isa = PBXNativeTarget;
			buildConfigurationList = 33A0569E2BF21E6A0054FDB1 /* Build configuration list for PBXNativeTarget "CoreDataLearning" */;
			buildPhases = (
				33A056832BF21E690054FDB1 /* Sources */,
				33A056842BF21E690054FDB1 /* Frameworks */,
				33A056852BF21E690054FDB1 /* Resources */,
			);
			buildRules = (
			);
			dependencies = (
			);
			name = CoreDataLearning;
			productName = CoreDataLearning;
			productReference = 33A056872BF21E690054FDB1 /* CoreDataLearning.app */;
			productType = "com.apple.product-type.application";
		};
/* End PBXNativeTarget section */

/* Begin PBXProject section */
		33A0567F2BF21E690054FDB1 /* Project object */ = {
			isa = PBXProject;
			attributes = {
				BuildIndependentTargetsInParallel = 1;
				LastSwiftUpdateCheck = 1500;
				LastUpgradeCheck = 1500;
				TargetAttributes = {
					33A056862BF21E690054FDB1 = {
						CreatedOnToolsVersion = 15.0.1;
					};
				};
			};
			buildConfigurationList = 33A056822BF21E690054FDB1 /* Build configuration list for PBXProject "CoreDataLearning" */;
			compatibilityVersion = "Xcode 14.0";
			developmentRegion = en;
			hasScannedForEncodings = 0;
			knownRegions = (
				en,
				Base,
			);
			mainGroup = 33A0567E2BF21E690054FDB1;
			productRefGroup = 33A056882BF21E690054FDB1 /* Products */;
			projectDirPath = "";
			projectRoot = "";
			targets = (
				33A056862BF21E690054FDB1 /* CoreDataLearning */,
			);
		};
/* End PBXProject section */

/* Begin PBXResourcesBuildPhase section */
		33A056852BF21E690054FDB1 /* Resources */ = {
			isa = PBXResourcesBuildPhase;
			buildActionMask = 2147483647;
			files = (
				33A0569A2BF21E6A0054FDB1 /* LaunchScreen.storyboard in Resources */,
				33A056BA2BF22C5E0054FDB1 /* EmployeeTableViewCell.xib in Resources */,
				33A056972BF21E6A0054FDB1 /* Assets.xcassets in Resources */,
				33A056922BF21E690054FDB1 /* Main.storyboard in Resources */,
				330B760F2BF352C4006CBFC1 /* PassportTableViewCell.xib in Resources */,
			);
			runOnlyForDeploymentPostprocessing = 0;
		};
/* End PBXResourcesBuildPhase section */

/* Begin PBXSourcesBuildPhase section */
		33A056832BF21E690054FDB1 /* Sources */ = {
			isa = PBXSourcesBuildPhase;
			buildActionMask = 2147483647;
			files = (
				33A056952BF21E690054FDB1 /* CoreDataLearning.xcdatamodeld in Sources */,
				330B760E2BF352C4006CBFC1 /* PassportTableViewCell.swift in Sources */,
				33A056AF2BF223A70054FDB1 /* Employee.swift in Sources */,
				330B76072BF34466006CBFC1 /* CDPassportExtension.swift in Sources */,
				330B760B2BF352AD006CBFC1 /* PassportViewController.swift in Sources */,
				33A056AC2BF223670054FDB1 /* EmployeeDataRepository.swift in Sources */,
				33A056B22BF228570054FDB1 /* EmployeeManager.swift in Sources */,
				33A056A62BF2228F0054FDB1 /* CDEmployee+CoreDataClass.swift in Sources */,
				33A056B92BF22C5E0054FDB1 /* EmployeeTableViewCell.swift in Sources */,
				33A0568F2BF21E690054FDB1 /* ViewController.swift in Sources */,
				33A056C42BF32B670054FDB1 /* BaseRepository.swift in Sources */,
				33A0568B2BF21E690054FDB1 /* AppDelegate.swift in Sources */,
				33A056A72BF2228F0054FDB1 /* CDEmployee+CoreDataProperties.swift in Sources */,
				33A056B42BF22B290054FDB1 /* AddEditViewController.swift in Sources */,
				33A056BE2BF243AB0054FDB1 /* CDPassport+CoreDataProperties.swift in Sources */,
				33A0568D2BF21E690054FDB1 /* SceneDelegate.swift in Sources */,
				33A056C02BF244550054FDB1 /* Passport.swift in Sources */,
				330B76092BF34AE6006CBFC1 /* PassportManager.swift in Sources */,
				330B76052BF34447006CBFC1 /* CDEmployeeExtension.swift in Sources */,
				33A056C22BF245400054FDB1 /* PassportDataRepository.swift in Sources */,
				33A056A92BF222BA0054FDB1 /* PersistentStorage.swift in Sources */,
				33A056BD2BF243AB0054FDB1 /* CDPassport+CoreDataClass.swift in Sources */,
			);
			runOnlyForDeploymentPostprocessing = 0;
		};
/* End PBXSourcesBuildPhase section */

/* Begin PBXVariantGroup section */
		33A056902BF21E690054FDB1 /* Main.storyboard */ = {
			isa = PBXVariantGroup;
			children = (
				33A056912BF21E690054FDB1 /* Base */,
			);
			name = Main.storyboard;
			sourceTree = "<group>";
		};
		33A056982BF21E6A0054FDB1 /* LaunchScreen.storyboard */ = {
			isa = PBXVariantGroup;
			children = (
				33A056992BF21E6A0054FDB1 /* Base */,
			);
			name = LaunchScreen.storyboard;
			sourceTree = "<group>";
		};
/* End PBXVariantGroup section */

/* Begin XCBuildConfiguration section */
		33A0569C2BF21E6A0054FDB1 /* Debug */ = {
			isa = XCBuildConfiguration;
			buildSettings = {
				ALWAYS_SEARCH_USER_PATHS = NO;
				ASSETCATALOG_COMPILER_GENERATE_SWIFT_ASSET_SYMBOL_EXTENSIONS = YES;
				CLANG_ANALYZER_NONNULL = YES;
				CLANG_ANALYZER_NUMBER_OBJECT_CONVERSION = YES_AGGRESSIVE;
				CLANG_CXX_LANGUAGE_STANDARD = "gnu++20";
				CLANG_ENABLE_MODULES = YES;
				CLANG_ENABLE_OBJC_ARC = YES;
				CLANG_ENABLE_OBJC_WEAK = YES;
				CLANG_WARN_BLOCK_CAPTURE_AUTORELEASING = YES;
				CLANG_WARN_BOOL_CONVERSION = YES;
				CLANG_WARN_COMMA = YES;
				CLANG_WARN_CONSTANT_CONVERSION = YES;
				CLANG_WARN_DEPRECATED_OBJC_IMPLEMENTATIONS = YES;
				CLANG_WARN_DIRECT_OBJC_ISA_USAGE = YES_ERROR;
				CLANG_WARN_DOCUMENTATION_COMMENTS = YES;
				CLANG_WARN_EMPTY_BODY = YES;
				CLANG_WARN_ENUM_CONVERSION = YES;
				CLANG_WARN_INFINITE_RECURSION = YES;
				CLANG_WARN_INT_CONVERSION = YES;
				CLANG_WARN_NON_LITERAL_NULL_CONVERSION = YES;
				CLANG_WARN_OBJC_IMPLICIT_RETAIN_SELF = YES;
				CLANG_WARN_OBJC_LITERAL_CONVERSION = YES;
				CLANG_WARN_OBJC_ROOT_CLASS = YES_ERROR;
				CLANG_WARN_QUOTED_INCLUDE_IN_FRAMEWORK_HEADER = YES;
				CLANG_WARN_RANGE_LOOP_ANALYSIS = YES;
				CLANG_WARN_STRICT_PROTOTYPES = YES;
				CLANG_WARN_SUSPICIOUS_MOVE = YES;
				CLANG_WARN_UNGUARDED_AVAILABILITY = YES_AGGRESSIVE;
				CLANG_WARN_UNREACHABLE_CODE = YES;
				CLANG_WARN__DUPLICATE_METHOD_MATCH = YES;
				COPY_PHASE_STRIP = NO;
				DEBUG_INFORMATION_FORMAT = dwarf;
				ENABLE_STRICT_OBJC_MSGSEND = YES;
				ENABLE_TESTABILITY = YES;
				ENABLE_USER_SCRIPT_SANDBOXING = YES;
				GCC_C_LANGUAGE_STANDARD = gnu17;
				GCC_DYNAMIC_NO_PIC = NO;
				GCC_NO_COMMON_BLOCKS = YES;
				GCC_OPTIMIZATION_LEVEL = 0;
				GCC_PREPROCESSOR_DEFINITIONS = (
					"DEBUG=1",
					"$(inherited)",
				);
				GCC_WARN_64_TO_32_BIT_CONVERSION = YES;
				GCC_WARN_ABOUT_RETURN_TYPE = YES_ERROR;
				GCC_WARN_UNDECLARED_SELECTOR = YES;
				GCC_WARN_UNINITIALIZED_AUTOS = YES_AGGRESSIVE;
				GCC_WARN_UNUSED_FUNCTION = YES;
				GCC_WARN_UNUSED_VARIABLE = YES;
				IPHONEOS_DEPLOYMENT_TARGET = 17.0;
				LOCALIZATION_PREFERS_STRING_CATALOGS = YES;
				MTL_ENABLE_DEBUG_INFO = INCLUDE_SOURCE;
				MTL_FAST_MATH = YES;
				ONLY_ACTIVE_ARCH = YES;
				SDKROOT = iphoneos;
				SWIFT_ACTIVE_COMPILATION_CONDITIONS = "DEBUG $(inherited)";
				SWIFT_OPTIMIZATION_LEVEL = "-Onone";
			};
			name = Debug;
		};
		33A0569D2BF21E6A0054FDB1 /* Release */ = {
			isa = XCBuildConfiguration;
			buildSettings = {
				ALWAYS_SEARCH_USER_PATHS = NO;
				ASSETCATALOG_COMPILER_GENERATE_SWIFT_ASSET_SYMBOL_EXTENSIONS = YES;
				CLANG_ANALYZER_NONNULL = YES;
				CLANG_ANALYZER_NUMBER_OBJECT_CONVERSION = YES_AGGRESSIVE;
				CLANG_CXX_LANGUAGE_STANDARD = "gnu++20";
				CLANG_ENABLE_MODULES = YES;
				CLANG_ENABLE_OBJC_ARC = YES;
				CLANG_ENABLE_OBJC_WEAK = YES;
				CLANG_WARN_BLOCK_CAPTURE_AUTORELEASING = YES;
				CLANG_WARN_BOOL_CONVERSION = YES;
				CLANG_WARN_COMMA = YES;
				CLANG_WARN_CONSTANT_CONVERSION = YES;
				CLANG_WARN_DEPRECATED_OBJC_IMPLEMENTATIONS = YES;
				CLANG_WARN_DIRECT_OBJC_ISA_USAGE = YES_ERROR;
				CLANG_WARN_DOCUMENTATION_COMMENTS = YES;
				CLANG_WARN_EMPTY_BODY = YES;
				CLANG_WARN_ENUM_CONVERSION = YES;
				CLANG_WARN_INFINITE_RECURSION = YES;
				CLANG_WARN_INT_CONVERSION = YES;
				CLANG_WARN_NON_LITERAL_NULL_CONVERSION = YES;
				CLANG_WARN_OBJC_IMPLICIT_RETAIN_SELF = YES;
				CLANG_WARN_OBJC_LITERAL_CONVERSION = YES;
				CLANG_WARN_OBJC_ROOT_CLASS = YES_ERROR;
				CLANG_WARN_QUOTED_INCLUDE_IN_FRAMEWORK_HEADER = YES;
				CLANG_WARN_RANGE_LOOP_ANALYSIS = YES;
				CLANG_WARN_STRICT_PROTOTYPES = YES;
				CLANG_WARN_SUSPICIOUS_MOVE = YES;
				CLANG_WARN_UNGUARDED_AVAILABILITY = YES_AGGRESSIVE;
				CLANG_WARN_UNREACHABLE_CODE = YES;
				CLANG_WARN__DUPLICATE_METHOD_MATCH = YES;
				COPY_PHASE_STRIP = NO;
				DEBUG_INFORMATION_FORMAT = "dwarf-with-dsym";
				ENABLE_NS_ASSERTIONS = NO;
				ENABLE_STRICT_OBJC_MSGSEND = YES;
				ENABLE_USER_SCRIPT_SANDBOXING = YES;
				GCC_C_LANGUAGE_STANDARD = gnu17;
				GCC_NO_COMMON_BLOCKS = YES;
				GCC_WARN_64_TO_32_BIT_CONVERSION = YES;
				GCC_WARN_ABOUT_RETURN_TYPE = YES_ERROR;
				GCC_WARN_UNDECLARED_SELECTOR = YES;
				GCC_WARN_UNINITIALIZED_AUTOS = YES_AGGRESSIVE;
				GCC_WARN_UNUSED_FUNCTION = YES;
				GCC_WARN_UNUSED_VARIABLE = YES;
				IPHONEOS_DEPLOYMENT_TARGET = 17.0;
				LOCALIZATION_PREFERS_STRING_CATALOGS = YES;
				MTL_ENABLE_DEBUG_INFO = NO;
				MTL_FAST_MATH = YES;
				SDKROOT = iphoneos;
				SWIFT_COMPILATION_MODE = wholemodule;
				VALIDATE_PRODUCT = YES;
			};
			name = Release;
		};
		33A0569F2BF21E6A0054FDB1 /* Debug */ = {
			isa = XCBuildConfiguration;
			buildSettings = {
				ASSETCATALOG_COMPILER_APPICON_NAME = AppIcon;
				ASSETCATALOG_COMPILER_GLOBAL_ACCENT_COLOR_NAME = AccentColor;
				CODE_SIGN_STYLE = Automatic;
				CURRENT_PROJECT_VERSION = 1;
				DEVELOPMENT_TEAM = 5X49TR88XZ;
				GENERATE_INFOPLIST_FILE = YES;
				INFOPLIST_FILE = CoreDataLearning/Info.plist;
				INFOPLIST_KEY_UIApplicationSupportsIndirectInputEvents = YES;
				INFOPLIST_KEY_UILaunchStoryboardName = LaunchScreen;
				INFOPLIST_KEY_UIMainStoryboardFile = Main;
				INFOPLIST_KEY_UISupportedInterfaceOrientations_iPad = "UIInterfaceOrientationPortrait UIInterfaceOrientationPortraitUpsideDown UIInterfaceOrientationLandscapeLeft UIInterfaceOrientationLandscapeRight";
				INFOPLIST_KEY_UISupportedInterfaceOrientations_iPhone = "UIInterfaceOrientationPortrait UIInterfaceOrientationLandscapeLeft UIInterfaceOrientationLandscapeRight";
				LD_RUNPATH_SEARCH_PATHS = (
					"$(inherited)",
					"@executable_path/Frameworks",
				);
				MARKETING_VERSION = 1.0;
				PRODUCT_BUNDLE_IDENTIFIER = M3Tech.CoreDataLearning;
				PRODUCT_NAME = "$(TARGET_NAME)";
				SWIFT_EMIT_LOC_STRINGS = YES;
				SWIFT_VERSION = 5.0;
				TARGETED_DEVICE_FAMILY = "1,2";
			};
			name = Debug;
		};
		33A056A02BF21E6A0054FDB1 /* Release */ = {
			isa = XCBuildConfiguration;
			buildSettings = {
				ASSETCATALOG_COMPILER_APPICON_NAME = AppIcon;
				ASSETCATALOG_COMPILER_GLOBAL_ACCENT_COLOR_NAME = AccentColor;
				CODE_SIGN_STYLE = Automatic;
				CURRENT_PROJECT_VERSION = 1;
				DEVELOPMENT_TEAM = 5X49TR88XZ;
				GENERATE_INFOPLIST_FILE = YES;
				INFOPLIST_FILE = CoreDataLearning/Info.plist;
				INFOPLIST_KEY_UIApplicationSupportsIndirectInputEvents = YES;
				INFOPLIST_KEY_UILaunchStoryboardName = LaunchScreen;
				INFOPLIST_KEY_UIMainStoryboardFile = Main;
				INFOPLIST_KEY_UISupportedInterfaceOrientations_iPad = "UIInterfaceOrientationPortrait UIInterfaceOrientationPortraitUpsideDown UIInterfaceOrientationLandscapeLeft UIInterfaceOrientationLandscapeRight";
				INFOPLIST_KEY_UISupportedInterfaceOrientations_iPhone = "UIInterfaceOrientationPortrait UIInterfaceOrientationLandscapeLeft UIInterfaceOrientationLandscapeRight";
				LD_RUNPATH_SEARCH_PATHS = (
					"$(inherited)",
					"@executable_path/Frameworks",
				);
				MARKETING_VERSION = 1.0;
				PRODUCT_BUNDLE_IDENTIFIER = M3Tech.CoreDataLearning;
				PRODUCT_NAME = "$(TARGET_NAME)";
				SWIFT_EMIT_LOC_STRINGS = YES;
				SWIFT_VERSION = 5.0;
				TARGETED_DEVICE_FAMILY = "1,2";
			};
			name = Release;
		};
/* End XCBuildConfiguration section */

/* Begin XCConfigurationList section */
		33A056822BF21E690054FDB1 /* Build configuration list for PBXProject "CoreDataLearning" */ = {
			isa = XCConfigurationList;
			buildConfigurations = (
				33A0569C2BF21E6A0054FDB1 /* Debug */,
				33A0569D2BF21E6A0054FDB1 /* Release */,
			);
			defaultConfigurationIsVisible = 0;
			defaultConfigurationName = Release;
		};
		33A0569E2BF21E6A0054FDB1 /* Build configuration list for PBXNativeTarget "CoreDataLearning" */ = {
			isa = XCConfigurationList;
			buildConfigurations = (
				33A0569F2BF21E6A0054FDB1 /* Debug */,
				33A056A02BF21E6A0054FDB1 /* Release */,
			);
			defaultConfigurationIsVisible = 0;
			defaultConfigurationName = Release;
		};
/* End XCConfigurationList section */

/* Begin XCVersionGroup section */
		33A056932BF21E690054FDB1 /* CoreDataLearning.xcdatamodeld */ = {
			isa = XCVersionGroup;
			children = (
				33A056942BF21E690054FDB1 /* CoreDataLearning.xcdatamodel */,
			);
			currentVersion = 33A056942BF21E690054FDB1 /* CoreDataLearning.xcdatamodel */;
			path = CoreDataLearning.xcdatamodeld;
			sourceTree = "<group>";
			versionGroupType = wrapper.xcdatamodel;
		};
/* End XCVersionGroup section */
	};
	rootObject = 33A0567F2BF21E690054FDB1 /* Project object */;
}
